// !$*UTF8*$!
{
	archiveVersion = 1;
	classes = {
	};
	objectVersion = 51;
	objects = {

/* Begin PBXBuildFile section */
		2415A164DFD4375176B6C4EC /* Pods_Bethink_JournalTests.framework in Frameworks */ = {isa = PBXBuildFile; fileRef = 1D2420A1F46D81C8C62B9830 /* Pods_Bethink_JournalTests.framework */; };
		598A9DA324ABB25300F118CC /* AppDelegate.swift in Sources */ = {isa = PBXBuildFile; fileRef = 598A9DA224ABB25300F118CC /* AppDelegate.swift */; };
		598A9DA524ABB25300F118CC /* SceneDelegate.swift in Sources */ = {isa = PBXBuildFile; fileRef = 598A9DA424ABB25300F118CC /* SceneDelegate.swift */; };
		598A9DA824ABB25300F118CC /* Bethink_Journal.xcdatamodeld in Sources */ = {isa = PBXBuildFile; fileRef = 598A9DA624ABB25300F118CC /* Bethink_Journal.xcdatamodeld */; };
		598A9DAA24ABB25400F118CC /* ContentView.swift in Sources */ = {isa = PBXBuildFile; fileRef = 598A9DA924ABB25400F118CC /* ContentView.swift */; };
		598A9DAC24ABB25800F118CC /* Assets.xcassets in Resources */ = {isa = PBXBuildFile; fileRef = 598A9DAB24ABB25800F118CC /* Assets.xcassets */; };
		598A9DAF24ABB25800F118CC /* Preview Assets.xcassets in Resources */ = {isa = PBXBuildFile; fileRef = 598A9DAE24ABB25800F118CC /* Preview Assets.xcassets */; };
		598A9DB224ABB25800F118CC /* LaunchScreen.storyboard in Resources */ = {isa = PBXBuildFile; fileRef = 598A9DB024ABB25800F118CC /* LaunchScreen.storyboard */; };
		598A9DBD24ABB25800F118CC /* Bethink_JournalTests.swift in Sources */ = {isa = PBXBuildFile; fileRef = 598A9DBC24ABB25800F118CC /* Bethink_JournalTests.swift */; };
		598A9DC824ABB25800F118CC /* Bethink_JournalUITests.swift in Sources */ = {isa = PBXBuildFile; fileRef = 598A9DC724ABB25800F118CC /* Bethink_JournalUITests.swift */; };
		598A9DD724AC2FD800F118CC /* MultiLineTextField.swift in Sources */ = {isa = PBXBuildFile; fileRef = 598A9DD624AC2FD800F118CC /* MultiLineTextField.swift */; };
		598A9DD924AC2FF400F118CC /* Helper.swift in Sources */ = {isa = PBXBuildFile; fileRef = 598A9DD824AC2FF400F118CC /* Helper.swift */; };
		598A9DDC24AC302A00F118CC /* Mood.swift in Sources */ = {isa = PBXBuildFile; fileRef = 598A9DDB24AC302A00F118CC /* Mood.swift */; };
		598A9DDE24AC30FE00F118CC /* Colors.swift in Sources */ = {isa = PBXBuildFile; fileRef = 598A9DDD24AC30FE00F118CC /* Colors.swift */; };
		598A9DE024AC312400F118CC /* Day.swift in Sources */ = {isa = PBXBuildFile; fileRef = 598A9DDF24AC312400F118CC /* Day.swift */; };
		598A9DE224AC317A00F118CC /* Month.swift in Sources */ = {isa = PBXBuildFile; fileRef = 598A9DE124AC317A00F118CC /* Month.swift */; };
		598A9DE524AC31EF00F118CC /* MoodModelController.swift in Sources */ = {isa = PBXBuildFile; fileRef = 598A9DE424AC31EF00F118CC /* MoodModelController.swift */; };
		598A9DE824ACE9D000F118CC /* HomeView.swift in Sources */ = {isa = PBXBuildFile; fileRef = 598A9DE724ACE9D000F118CC /* HomeView.swift */; };
		598A9DEA24ACF00500F118CC /* MoodRowView.swift in Sources */ = {isa = PBXBuildFile; fileRef = 598A9DE924ACF00500F118CC /* MoodRowView.swift */; };
		598A9DEC24ACF02C00F118CC /* AddMoodView.swift in Sources */ = {isa = PBXBuildFile; fileRef = 598A9DEB24ACF02C00F118CC /* AddMoodView.swift */; };
		598A9DEE24ACF3F900F118CC /* CalendarView.swift in Sources */ = {isa = PBXBuildFile; fileRef = 598A9DED24ACF3F900F118CC /* CalendarView.swift */; };
		598A9DF024ACF42C00F118CC /* WeekdaysView.swift in Sources */ = {isa = PBXBuildFile; fileRef = 598A9DEF24ACF42C00F118CC /* WeekdaysView.swift */; };
		598A9DF224ACF46600F118CC /* GridStack.swift in Sources */ = {isa = PBXBuildFile; fileRef = 598A9DF124ACF46600F118CC /* GridStack.swift */; };
		598A9DF424ACF50B00F118CC /* MonthView.swift in Sources */ = {isa = PBXBuildFile; fileRef = 598A9DF324ACF50B00F118CC /* MonthView.swift */; };
		598A9DF624ACF53B00F118CC /* DayCellView.swift in Sources */ = {isa = PBXBuildFile; fileRef = 598A9DF524ACF53B00F118CC /* DayCellView.swift */; };
		8574C6A5297FC212E3AAEC1B /* Pods_Bethink_Journal.framework in Frameworks */ = {isa = PBXBuildFile; fileRef = BA686020FC0CC9B39D789CFA /* Pods_Bethink_Journal.framework */; };
		951FA4EB90F3D9D44EAAD389 /* Pods_Bethink_Journal_Bethink_JournalUITests.framework in Frameworks */ = {isa = PBXBuildFile; fileRef = E24596D901684F840A18A73A /* Pods_Bethink_Journal_Bethink_JournalUITests.framework */; };
/* End PBXBuildFile section */

/* Begin PBXContainerItemProxy section */
		598A9DB924ABB25800F118CC /* PBXContainerItemProxy */ = {
			isa = PBXContainerItemProxy;
			containerPortal = 598A9D9724ABB25300F118CC /* Project object */;
			proxyType = 1;
			remoteGlobalIDString = 598A9D9E24ABB25300F118CC;
			remoteInfo = "Bethink Journal";
		};
		598A9DC424ABB25800F118CC /* PBXContainerItemProxy */ = {
			isa = PBXContainerItemProxy;
			containerPortal = 598A9D9724ABB25300F118CC /* Project object */;
			proxyType = 1;
			remoteGlobalIDString = 598A9D9E24ABB25300F118CC;
			remoteInfo = "Bethink Journal";
		};
/* End PBXContainerItemProxy section */

/* Begin PBXFileReference section */
		1D2420A1F46D81C8C62B9830 /* Pods_Bethink_JournalTests.framework */ = {isa = PBXFileReference; explicitFileType = wrapper.framework; includeInIndex = 0; path = Pods_Bethink_JournalTests.framework; sourceTree = BUILT_PRODUCTS_DIR; };
		598A9D9F24ABB25300F118CC /* Bethink Journal.app */ = {isa = PBXFileReference; explicitFileType = wrapper.application; includeInIndex = 0; path = "Bethink Journal.app"; sourceTree = BUILT_PRODUCTS_DIR; };
		598A9DA224ABB25300F118CC /* AppDelegate.swift */ = {isa = PBXFileReference; lastKnownFileType = sourcecode.swift; path = AppDelegate.swift; sourceTree = "<group>"; };
		598A9DA424ABB25300F118CC /* SceneDelegate.swift */ = {isa = PBXFileReference; lastKnownFileType = sourcecode.swift; path = SceneDelegate.swift; sourceTree = "<group>"; };
		598A9DA724ABB25300F118CC /* Bethink_Journal.xcdatamodel */ = {isa = PBXFileReference; lastKnownFileType = wrapper.xcdatamodel; path = Bethink_Journal.xcdatamodel; sourceTree = "<group>"; };
		598A9DA924ABB25400F118CC /* ContentView.swift */ = {isa = PBXFileReference; lastKnownFileType = sourcecode.swift; path = ContentView.swift; sourceTree = "<group>"; };
		598A9DAB24ABB25800F118CC /* Assets.xcassets */ = {isa = PBXFileReference; lastKnownFileType = folder.assetcatalog; path = Assets.xcassets; sourceTree = "<group>"; };
		598A9DAE24ABB25800F118CC /* Preview Assets.xcassets */ = {isa = PBXFileReference; lastKnownFileType = folder.assetcatalog; path = "Preview Assets.xcassets"; sourceTree = "<group>"; };
		598A9DB124ABB25800F118CC /* Base */ = {isa = PBXFileReference; lastKnownFileType = file.storyboard; name = Base; path = Base.lproj/LaunchScreen.storyboard; sourceTree = "<group>"; };
		598A9DB324ABB25800F118CC /* Info.plist */ = {isa = PBXFileReference; lastKnownFileType = text.plist.xml; path = Info.plist; sourceTree = "<group>"; };
		598A9DB824ABB25800F118CC /* Bethink JournalTests.xctest */ = {isa = PBXFileReference; explicitFileType = wrapper.cfbundle; includeInIndex = 0; path = "Bethink JournalTests.xctest"; sourceTree = BUILT_PRODUCTS_DIR; };
		598A9DBC24ABB25800F118CC /* Bethink_JournalTests.swift */ = {isa = PBXFileReference; lastKnownFileType = sourcecode.swift; path = Bethink_JournalTests.swift; sourceTree = "<group>"; };
		598A9DBE24ABB25800F118CC /* Info.plist */ = {isa = PBXFileReference; lastKnownFileType = text.plist.xml; path = Info.plist; sourceTree = "<group>"; };
		598A9DC324ABB25800F118CC /* Bethink JournalUITests.xctest */ = {isa = PBXFileReference; explicitFileType = wrapper.cfbundle; includeInIndex = 0; path = "Bethink JournalUITests.xctest"; sourceTree = BUILT_PRODUCTS_DIR; };
		598A9DC724ABB25800F118CC /* Bethink_JournalUITests.swift */ = {isa = PBXFileReference; lastKnownFileType = sourcecode.swift; path = Bethink_JournalUITests.swift; sourceTree = "<group>"; };
		598A9DC924ABB25800F118CC /* Info.plist */ = {isa = PBXFileReference; lastKnownFileType = text.plist.xml; path = Info.plist; sourceTree = "<group>"; };
		598A9DD624AC2FD800F118CC /* MultiLineTextField.swift */ = {isa = PBXFileReference; lastKnownFileType = sourcecode.swift; path = MultiLineTextField.swift; sourceTree = "<group>"; };
		598A9DD824AC2FF400F118CC /* Helper.swift */ = {isa = PBXFileReference; lastKnownFileType = sourcecode.swift; path = Helper.swift; sourceTree = "<group>"; };
		598A9DDB24AC302A00F118CC /* Mood.swift */ = {isa = PBXFileReference; lastKnownFileType = sourcecode.swift; path = Mood.swift; sourceTree = "<group>"; };
		598A9DDD24AC30FE00F118CC /* Colors.swift */ = {isa = PBXFileReference; lastKnownFileType = sourcecode.swift; path = Colors.swift; sourceTree = "<group>"; };
		598A9DDF24AC312400F118CC /* Day.swift */ = {isa = PBXFileReference; lastKnownFileType = sourcecode.swift; path = Day.swift; sourceTree = "<group>"; };
		598A9DE124AC317A00F118CC /* Month.swift */ = {isa = PBXFileReference; lastKnownFileType = sourcecode.swift; path = Month.swift; sourceTree = "<group>"; };
		598A9DE424AC31EF00F118CC /* MoodModelController.swift */ = {isa = PBXFileReference; lastKnownFileType = sourcecode.swift; path = MoodModelController.swift; sourceTree = "<group>"; };
		598A9DE724ACE9D000F118CC /* HomeView.swift */ = {isa = PBXFileReference; lastKnownFileType = sourcecode.swift; path = HomeView.swift; sourceTree = "<group>"; };
		598A9DE924ACF00500F118CC /* MoodRowView.swift */ = {isa = PBXFileReference; lastKnownFileType = sourcecode.swift; path = MoodRowView.swift; sourceTree = "<group>"; };
		598A9DEB24ACF02C00F118CC /* AddMoodView.swift */ = {isa = PBXFileReference; lastKnownFileType = sourcecode.swift; path = AddMoodView.swift; sourceTree = "<group>"; };
		598A9DED24ACF3F900F118CC /* CalendarView.swift */ = {isa = PBXFileReference; lastKnownFileType = sourcecode.swift; path = CalendarView.swift; sourceTree = "<group>"; };
		598A9DEF24ACF42C00F118CC /* WeekdaysView.swift */ = {isa = PBXFileReference; lastKnownFileType = sourcecode.swift; path = WeekdaysView.swift; sourceTree = "<group>"; };
		598A9DF124ACF46600F118CC /* GridStack.swift */ = {isa = PBXFileReference; lastKnownFileType = sourcecode.swift; path = GridStack.swift; sourceTree = "<group>"; };
		598A9DF324ACF50B00F118CC /* MonthView.swift */ = {isa = PBXFileReference; lastKnownFileType = sourcecode.swift; path = MonthView.swift; sourceTree = "<group>"; };
		598A9DF524ACF53B00F118CC /* DayCellView.swift */ = {isa = PBXFileReference; lastKnownFileType = sourcecode.swift; path = DayCellView.swift; sourceTree = "<group>"; };
		61AD89852EC7BAEA6A15931D /* Pods-Bethink Journal-Bethink JournalUITests.debug.xcconfig */ = {isa = PBXFileReference; includeInIndex = 1; lastKnownFileType = text.xcconfig; name = "Pods-Bethink Journal-Bethink JournalUITests.debug.xcconfig"; path = "Target Support Files/Pods-Bethink Journal-Bethink JournalUITests/Pods-Bethink Journal-Bethink JournalUITests.debug.xcconfig"; sourceTree = "<group>"; };
		8435786FD57F974042A90D9C /* Pods-Bethink Journal.debug.xcconfig */ = {isa = PBXFileReference; includeInIndex = 1; lastKnownFileType = text.xcconfig; name = "Pods-Bethink Journal.debug.xcconfig"; path = "Target Support Files/Pods-Bethink Journal/Pods-Bethink Journal.debug.xcconfig"; sourceTree = "<group>"; };
		9755D69D63AC6A64F514E5B1 /* Pods-Bethink Journal.release.xcconfig */ = {isa = PBXFileReference; includeInIndex = 1; lastKnownFileType = text.xcconfig; name = "Pods-Bethink Journal.release.xcconfig"; path = "Target Support Files/Pods-Bethink Journal/Pods-Bethink Journal.release.xcconfig"; sourceTree = "<group>"; };
		A257DB2118D721CF7D252DAB /* Pods-Bethink Journal-Bethink JournalUITests.release.xcconfig */ = {isa = PBXFileReference; includeInIndex = 1; lastKnownFileType = text.xcconfig; name = "Pods-Bethink Journal-Bethink JournalUITests.release.xcconfig"; path = "Target Support Files/Pods-Bethink Journal-Bethink JournalUITests/Pods-Bethink Journal-Bethink JournalUITests.release.xcconfig"; sourceTree = "<group>"; };
		AFF12BF744F0069BD8DD99ED /* Pods-Bethink JournalTests.debug.xcconfig */ = {isa = PBXFileReference; includeInIndex = 1; lastKnownFileType = text.xcconfig; name = "Pods-Bethink JournalTests.debug.xcconfig"; path = "Target Support Files/Pods-Bethink JournalTests/Pods-Bethink JournalTests.debug.xcconfig"; sourceTree = "<group>"; };
		BA686020FC0CC9B39D789CFA /* Pods_Bethink_Journal.framework */ = {isa = PBXFileReference; explicitFileType = wrapper.framework; includeInIndex = 0; path = Pods_Bethink_Journal.framework; sourceTree = BUILT_PRODUCTS_DIR; };
		C00B1B5BF6EE22CF91386DAD /* Pods-Bethink JournalTests.release.xcconfig */ = {isa = PBXFileReference; includeInIndex = 1; lastKnownFileType = text.xcconfig; name = "Pods-Bethink JournalTests.release.xcconfig"; path = "Target Support Files/Pods-Bethink JournalTests/Pods-Bethink JournalTests.release.xcconfig"; sourceTree = "<group>"; };
		E24596D901684F840A18A73A /* Pods_Bethink_Journal_Bethink_JournalUITests.framework */ = {isa = PBXFileReference; explicitFileType = wrapper.framework; includeInIndex = 0; path = Pods_Bethink_Journal_Bethink_JournalUITests.framework; sourceTree = BUILT_PRODUCTS_DIR; };
/* End PBXFileReference section */

/* Begin PBXFrameworksBuildPhase section */
		598A9D9C24ABB25300F118CC /* Frameworks */ = {
			isa = PBXFrameworksBuildPhase;
			buildActionMask = 2147483647;
			files = (
				8574C6A5297FC212E3AAEC1B /* Pods_Bethink_Journal.framework in Frameworks */,
			);
			runOnlyForDeploymentPostprocessing = 0;
		};
		598A9DB524ABB25800F118CC /* Frameworks */ = {
			isa = PBXFrameworksBuildPhase;
			buildActionMask = 2147483647;
			files = (
				2415A164DFD4375176B6C4EC /* Pods_Bethink_JournalTests.framework in Frameworks */,
			);
			runOnlyForDeploymentPostprocessing = 0;
		};
		598A9DC024ABB25800F118CC /* Frameworks */ = {
			isa = PBXFrameworksBuildPhase;
			buildActionMask = 2147483647;
			files = (
				951FA4EB90F3D9D44EAAD389 /* Pods_Bethink_Journal_Bethink_JournalUITests.framework in Frameworks */,
			);
			runOnlyForDeploymentPostprocessing = 0;
		};
/* End PBXFrameworksBuildPhase section */

/* Begin PBXGroup section */
		598A9D9624ABB25300F118CC = {
			isa = PBXGroup;
			children = (
				598A9DA124ABB25300F118CC /* Bethink Journal */,
				598A9DBB24ABB25800F118CC /* Bethink JournalTests */,
				598A9DC624ABB25800F118CC /* Bethink JournalUITests */,
				598A9DA024ABB25300F118CC /* Products */,
				7FA9EF325FDF6429191B2EC8 /* Pods */,
				B9C71D6661CCF8D06FA37D15 /* Frameworks */,
			);
			sourceTree = "<group>";
		};
		598A9DA024ABB25300F118CC /* Products */ = {
			isa = PBXGroup;
			children = (
				598A9D9F24ABB25300F118CC /* Bethink Journal.app */,
				598A9DB824ABB25800F118CC /* Bethink JournalTests.xctest */,
				598A9DC324ABB25800F118CC /* Bethink JournalUITests.xctest */,
			);
			name = Products;
			sourceTree = "<group>";
		};
		598A9DA124ABB25300F118CC /* Bethink Journal */ = {
			isa = PBXGroup;
			children = (
				598A9DA224ABB25300F118CC /* AppDelegate.swift */,
				598A9DA424ABB25300F118CC /* SceneDelegate.swift */,
				598A9DD624AC2FD800F118CC /* MultiLineTextField.swift */,
				598A9DD824AC2FF400F118CC /* Helper.swift */,
				598A9DDA24AC301800F118CC /* Model */,
				598A9DE324AC31BA00F118CC /* Model Controller */,
				598A9DE624ACE97700F118CC /* Views */,
				598A9DAB24ABB25800F118CC /* Assets.xcassets */,
				598A9DB024ABB25800F118CC /* LaunchScreen.storyboard */,
				598A9DB324ABB25800F118CC /* Info.plist */,
				598A9DA624ABB25300F118CC /* Bethink_Journal.xcdatamodeld */,
				598A9DAD24ABB25800F118CC /* Preview Content */,
			);
			path = "Bethink Journal";
			sourceTree = "<group>";
		};
		598A9DAD24ABB25800F118CC /* Preview Content */ = {
			isa = PBXGroup;
			children = (
				598A9DAE24ABB25800F118CC /* Preview Assets.xcassets */,
			);
			path = "Preview Content";
			sourceTree = "<group>";
		};
		598A9DBB24ABB25800F118CC /* Bethink JournalTests */ = {
			isa = PBXGroup;
			children = (
				598A9DBC24ABB25800F118CC /* Bethink_JournalTests.swift */,
				598A9DBE24ABB25800F118CC /* Info.plist */,
			);
			path = "Bethink JournalTests";
			sourceTree = "<group>";
		};
		598A9DC624ABB25800F118CC /* Bethink JournalUITests */ = {
			isa = PBXGroup;
			children = (
				598A9DC724ABB25800F118CC /* Bethink_JournalUITests.swift */,
				598A9DC924ABB25800F118CC /* Info.plist */,
			);
			path = "Bethink JournalUITests";
			sourceTree = "<group>";
		};
		598A9DDA24AC301800F118CC /* Model */ = {
			isa = PBXGroup;
			children = (
				598A9DDB24AC302A00F118CC /* Mood.swift */,
				598A9DDD24AC30FE00F118CC /* Colors.swift */,
				598A9DDF24AC312400F118CC /* Day.swift */,
				598A9DE124AC317A00F118CC /* Month.swift */,
			);
			path = Model;
			sourceTree = "<group>";
		};
		598A9DE324AC31BA00F118CC /* Model Controller */ = {
			isa = PBXGroup;
			children = (
				598A9DE424AC31EF00F118CC /* MoodModelController.swift */,
			);
			path = "Model Controller";
			sourceTree = "<group>";
		};
		598A9DE624ACE97700F118CC /* Views */ = {
			isa = PBXGroup;
			children = (
				598A9DA924ABB25400F118CC /* ContentView.swift */,
				598A9DE724ACE9D000F118CC /* HomeView.swift */,
				598A9DE924ACF00500F118CC /* MoodRowView.swift */,
				598A9DEB24ACF02C00F118CC /* AddMoodView.swift */,
				598A9DED24ACF3F900F118CC /* CalendarView.swift */,
				598A9DEF24ACF42C00F118CC /* WeekdaysView.swift */,
				598A9DF124ACF46600F118CC /* GridStack.swift */,
				598A9DF324ACF50B00F118CC /* MonthView.swift */,
				598A9DF524ACF53B00F118CC /* DayCellView.swift */,
			);
			path = Views;
			sourceTree = "<group>";
		};
		7FA9EF325FDF6429191B2EC8 /* Pods */ = {
			isa = PBXGroup;
			children = (
				8435786FD57F974042A90D9C /* Pods-Bethink Journal.debug.xcconfig */,
				9755D69D63AC6A64F514E5B1 /* Pods-Bethink Journal.release.xcconfig */,
				61AD89852EC7BAEA6A15931D /* Pods-Bethink Journal-Bethink JournalUITests.debug.xcconfig */,
				A257DB2118D721CF7D252DAB /* Pods-Bethink Journal-Bethink JournalUITests.release.xcconfig */,
				AFF12BF744F0069BD8DD99ED /* Pods-Bethink JournalTests.debug.xcconfig */,
				C00B1B5BF6EE22CF91386DAD /* Pods-Bethink JournalTests.release.xcconfig */,
			);
			path = Pods;
			sourceTree = "<group>";
		};
		B9C71D6661CCF8D06FA37D15 /* Frameworks */ = {
			isa = PBXGroup;
			children = (
				BA686020FC0CC9B39D789CFA /* Pods_Bethink_Journal.framework */,
				E24596D901684F840A18A73A /* Pods_Bethink_Journal_Bethink_JournalUITests.framework */,
				1D2420A1F46D81C8C62B9830 /* Pods_Bethink_JournalTests.framework */,
			);
			name = Frameworks;
			sourceTree = "<group>";
		};
/* End PBXGroup section */

/* Begin PBXNativeTarget section */
		598A9D9E24ABB25300F118CC /* Bethink Journal */ = {
			isa = PBXNativeTarget;
			buildConfigurationList = 598A9DCC24ABB25800F118CC /* Build configuration list for PBXNativeTarget "Bethink Journal" */;
			buildPhases = (
				984F97D4E85F4789ED3D34F5 /* [CP] Check Pods Manifest.lock */,
				598A9D9B24ABB25300F118CC /* Sources */,
				598A9D9C24ABB25300F118CC /* Frameworks */,
				598A9D9D24ABB25300F118CC /* Resources */,
				A60D588F44DB2012F6F42603 /* [CP] Embed Pods Frameworks */,
			);
			buildRules = (
			);
			dependencies = (
			);
			name = "Bethink Journal";
			productName = "Bethink Journal";
			productReference = 598A9D9F24ABB25300F118CC /* Bethink Journal.app */;
			productType = "com.apple.product-type.application";
		};
		598A9DB724ABB25800F118CC /* Bethink JournalTests */ = {
			isa = PBXNativeTarget;
			buildConfigurationList = 598A9DCF24ABB25800F118CC /* Build configuration list for PBXNativeTarget "Bethink JournalTests" */;
			buildPhases = (
				1F2A2FA51EC0ABD68253CB3A /* [CP] Check Pods Manifest.lock */,
				598A9DB424ABB25800F118CC /* Sources */,
				598A9DB524ABB25800F118CC /* Frameworks */,
				598A9DB624ABB25800F118CC /* Resources */,
			);
			buildRules = (
			);
			dependencies = (
				598A9DBA24ABB25800F118CC /* PBXTargetDependency */,
			);
			name = "Bethink JournalTests";
			productName = "Bethink JournalTests";
			productReference = 598A9DB824ABB25800F118CC /* Bethink JournalTests.xctest */;
			productType = "com.apple.product-type.bundle.unit-test";
		};
		598A9DC224ABB25800F118CC /* Bethink JournalUITests */ = {
			isa = PBXNativeTarget;
			buildConfigurationList = 598A9DD224ABB25800F118CC /* Build configuration list for PBXNativeTarget "Bethink JournalUITests" */;
			buildPhases = (
				CEFEF447BEB8A9BCE96FCB25 /* [CP] Check Pods Manifest.lock */,
				598A9DBF24ABB25800F118CC /* Sources */,
				598A9DC024ABB25800F118CC /* Frameworks */,
				598A9DC124ABB25800F118CC /* Resources */,
				24D2CC8BB5ED9B54A4B4C215 /* [CP] Embed Pods Frameworks */,
			);
			buildRules = (
			);
			dependencies = (
				598A9DC524ABB25800F118CC /* PBXTargetDependency */,
			);
			name = "Bethink JournalUITests";
			productName = "Bethink JournalUITests";
			productReference = 598A9DC324ABB25800F118CC /* Bethink JournalUITests.xctest */;
			productType = "com.apple.product-type.bundle.ui-testing";
		};
/* End PBXNativeTarget section */

/* Begin PBXProject section */
		598A9D9724ABB25300F118CC /* Project object */ = {
			isa = PBXProject;
			attributes = {
				LastSwiftUpdateCheck = 1150;
				LastUpgradeCheck = 1150;
				ORGANIZATIONNAME = "Aaron Southammavong";
				TargetAttributes = {
					598A9D9E24ABB25300F118CC = {
						CreatedOnToolsVersion = 11.5;
					};
					598A9DB724ABB25800F118CC = {
						CreatedOnToolsVersion = 11.5;
						TestTargetID = 598A9D9E24ABB25300F118CC;
					};
					598A9DC224ABB25800F118CC = {
						CreatedOnToolsVersion = 11.5;
						TestTargetID = 598A9D9E24ABB25300F118CC;
					};
				};
			};
			buildConfigurationList = 598A9D9A24ABB25300F118CC /* Build configuration list for PBXProject "Bethink Journal" */;
			compatibilityVersion = "Xcode 9.3";
			developmentRegion = en;
			hasScannedForEncodings = 0;
			knownRegions = (
				en,
				Base,
			);
			mainGroup = 598A9D9624ABB25300F118CC;
			productRefGroup = 598A9DA024ABB25300F118CC /* Products */;
			projectDirPath = "";
			projectRoot = "";
			targets = (
				598A9D9E24ABB25300F118CC /* Bethink Journal */,
				598A9DB724ABB25800F118CC /* Bethink JournalTests */,
				598A9DC224ABB25800F118CC /* Bethink JournalUITests */,
			);
		};
/* End PBXProject section */

/* Begin PBXResourcesBuildPhase section */
		598A9D9D24ABB25300F118CC /* Resources */ = {
			isa = PBXResourcesBuildPhase;
			buildActionMask = 2147483647;
			files = (
				598A9DB224ABB25800F118CC /* LaunchScreen.storyboard in Resources */,
				598A9DAF24ABB25800F118CC /* Preview Assets.xcassets in Resources */,
				598A9DAC24ABB25800F118CC /* Assets.xcassets in Resources */,
			);
			runOnlyForDeploymentPostprocessing = 0;
		};
		598A9DB624ABB25800F118CC /* Resources */ = {
			isa = PBXResourcesBuildPhase;
			buildActionMask = 2147483647;
			files = (
			);
			runOnlyForDeploymentPostprocessing = 0;
		};
		598A9DC124ABB25800F118CC /* Resources */ = {
			isa = PBXResourcesBuildPhase;
			buildActionMask = 2147483647;
			files = (
			);
			runOnlyForDeploymentPostprocessing = 0;
		};
/* End PBXResourcesBuildPhase section */

/* Begin PBXShellScriptBuildPhase section */
		1F2A2FA51EC0ABD68253CB3A /* [CP] Check Pods Manifest.lock */ = {
			isa = PBXShellScriptBuildPhase;
			buildActionMask = 2147483647;
			files = (
			);
			inputFileListPaths = (
			);
			inputPaths = (
				"${PODS_PODFILE_DIR_PATH}/Podfile.lock",
				"${PODS_ROOT}/Manifest.lock",
			);
			name = "[CP] Check Pods Manifest.lock";
			outputFileListPaths = (
			);
			outputPaths = (
				"$(DERIVED_FILE_DIR)/Pods-Bethink JournalTests-checkManifestLockResult.txt",
			);
			runOnlyForDeploymentPostprocessing = 0;
			shellPath = /bin/sh;
			shellScript = "diff \"${PODS_PODFILE_DIR_PATH}/Podfile.lock\" \"${PODS_ROOT}/Manifest.lock\" > /dev/null\nif [ $? != 0 ] ; then\n    # print error to STDERR\n    echo \"error: The sandbox is not in sync with the Podfile.lock. Run 'pod install' or update your CocoaPods installation.\" >&2\n    exit 1\nfi\n# This output is used by Xcode 'outputs' to avoid re-running this script phase.\necho \"SUCCESS\" > \"${SCRIPT_OUTPUT_FILE_0}\"\n";
			showEnvVarsInLog = 0;
		};
		24D2CC8BB5ED9B54A4B4C215 /* [CP] Embed Pods Frameworks */ = {
			isa = PBXShellScriptBuildPhase;
			buildActionMask = 2147483647;
			files = (
			);
			inputFileListPaths = (
				"${PODS_ROOT}/Target Support Files/Pods-Bethink Journal-Bethink JournalUITests/Pods-Bethink Journal-Bethink JournalUITests-frameworks-${CONFIGURATION}-input-files.xcfilelist",
			);
			name = "[CP] Embed Pods Frameworks";
			outputFileListPaths = (
				"${PODS_ROOT}/Target Support Files/Pods-Bethink Journal-Bethink JournalUITests/Pods-Bethink Journal-Bethink JournalUITests-frameworks-${CONFIGURATION}-output-files.xcfilelist",
			);
			runOnlyForDeploymentPostprocessing = 0;
			shellPath = /bin/sh;
			shellScript = "\"${PODS_ROOT}/Target Support Files/Pods-Bethink Journal-Bethink JournalUITests/Pods-Bethink Journal-Bethink JournalUITests-frameworks.sh\"\n";
			showEnvVarsInLog = 0;
		};
		984F97D4E85F4789ED3D34F5 /* [CP] Check Pods Manifest.lock */ = {
			isa = PBXShellScriptBuildPhase;
			buildActionMask = 2147483647;
			files = (
			);
			inputFileListPaths = (
			);
			inputPaths = (
				"${PODS_PODFILE_DIR_PATH}/Podfile.lock",
				"${PODS_ROOT}/Manifest.lock",
			);
			name = "[CP] Check Pods Manifest.lock";
			outputFileListPaths = (
			);
			outputPaths = (
				"$(DERIVED_FILE_DIR)/Pods-Bethink Journal-checkManifestLockResult.txt",
			);
			runOnlyForDeploymentPostprocessing = 0;
			shellPath = /bin/sh;
			shellScript = "diff \"${PODS_PODFILE_DIR_PATH}/Podfile.lock\" \"${PODS_ROOT}/Manifest.lock\" > /dev/null\nif [ $? != 0 ] ; then\n    # print error to STDERR\n    echo \"error: The sandbox is not in sync with the Podfile.lock. Run 'pod install' or update your CocoaPods installation.\" >&2\n    exit 1\nfi\n# This output is used by Xcode 'outputs' to avoid re-running this script phase.\necho \"SUCCESS\" > \"${SCRIPT_OUTPUT_FILE_0}\"\n";
			showEnvVarsInLog = 0;
		};
		A60D588F44DB2012F6F42603 /* [CP] Embed Pods Frameworks */ = {
			isa = PBXShellScriptBuildPhase;
			buildActionMask = 2147483647;
			files = (
			);
			inputFileListPaths = (
				"${PODS_ROOT}/Target Support Files/Pods-Bethink Journal/Pods-Bethink Journal-frameworks-${CONFIGURATION}-input-files.xcfilelist",
			);
			name = "[CP] Embed Pods Frameworks";
			outputFileListPaths = (
				"${PODS_ROOT}/Target Support Files/Pods-Bethink Journal/Pods-Bethink Journal-frameworks-${CONFIGURATION}-output-files.xcfilelist",
			);
			runOnlyForDeploymentPostprocessing = 0;
			shellPath = /bin/sh;
			shellScript = "\"${PODS_ROOT}/Target Support Files/Pods-Bethink Journal/Pods-Bethink Journal-frameworks.sh\"\n";
			showEnvVarsInLog = 0;
		};
		CEFEF447BEB8A9BCE96FCB25 /* [CP] Check Pods Manifest.lock */ = {
			isa = PBXShellScriptBuildPhase;
			buildActionMask = 2147483647;
			files = (
			);
			inputFileListPaths = (
			);
			inputPaths = (
				"${PODS_PODFILE_DIR_PATH}/Podfile.lock",
				"${PODS_ROOT}/Manifest.lock",
			);
			name = "[CP] Check Pods Manifest.lock";
			outputFileListPaths = (
			);
			outputPaths = (
				"$(DERIVED_FILE_DIR)/Pods-Bethink Journal-Bethink JournalUITests-checkManifestLockResult.txt",
			);
			runOnlyForDeploymentPostprocessing = 0;
			shellPath = /bin/sh;
			shellScript = "diff \"${PODS_PODFILE_DIR_PATH}/Podfile.lock\" \"${PODS_ROOT}/Manifest.lock\" > /dev/null\nif [ $? != 0 ] ; then\n    # print error to STDERR\n    echo \"error: The sandbox is not in sync with the Podfile.lock. Run 'pod install' or update your CocoaPods installation.\" >&2\n    exit 1\nfi\n# This output is used by Xcode 'outputs' to avoid re-running this script phase.\necho \"SUCCESS\" > \"${SCRIPT_OUTPUT_FILE_0}\"\n";
			showEnvVarsInLog = 0;
		};
/* End PBXShellScriptBuildPhase section */

/* Begin PBXSourcesBuildPhase section */
		598A9D9B24ABB25300F118CC /* Sources */ = {
			isa = PBXSourcesBuildPhase;
			buildActionMask = 2147483647;
			files = (
				598A9DEA24ACF00500F118CC /* MoodRowView.swift in Sources */,
				598A9DA324ABB25300F118CC /* AppDelegate.swift in Sources */,
				598A9DDE24AC30FE00F118CC /* Colors.swift in Sources */,
				598A9DF224ACF46600F118CC /* GridStack.swift in Sources */,
				598A9DD724AC2FD800F118CC /* MultiLineTextField.swift in Sources */,
				598A9DE524AC31EF00F118CC /* MoodModelController.swift in Sources */,
				598A9DF024ACF42C00F118CC /* WeekdaysView.swift in Sources */,
				598A9DF424ACF50B00F118CC /* MonthView.swift in Sources */,
				598A9DEE24ACF3F900F118CC /* CalendarView.swift in Sources */,
				598A9DEC24ACF02C00F118CC /* AddMoodView.swift in Sources */,
				598A9DA824ABB25300F118CC /* Bethink_Journal.xcdatamodeld in Sources */,
				598A9DDC24AC302A00F118CC /* Mood.swift in Sources */,
				598A9DE024AC312400F118CC /* Day.swift in Sources */,
				598A9DAA24ABB25400F118CC /* ContentView.swift in Sources */,
				598A9DF624ACF53B00F118CC /* DayCellView.swift in Sources */,
				598A9DA524ABB25300F118CC /* SceneDelegate.swift in Sources */,
				598A9DE824ACE9D000F118CC /* HomeView.swift in Sources */,
				598A9DE224AC317A00F118CC /* Month.swift in Sources */,
				598A9DD924AC2FF400F118CC /* Helper.swift in Sources */,
			);
			runOnlyForDeploymentPostprocessing = 0;
		};
		598A9DB424ABB25800F118CC /* Sources */ = {
			isa = PBXSourcesBuildPhase;
			buildActionMask = 2147483647;
			files = (
				598A9DBD24ABB25800F118CC /* Bethink_JournalTests.swift in Sources */,
			);
			runOnlyForDeploymentPostprocessing = 0;
		};
		598A9DBF24ABB25800F118CC /* Sources */ = {
			isa = PBXSourcesBuildPhase;
			buildActionMask = 2147483647;
			files = (
				598A9DC824ABB25800F118CC /* Bethink_JournalUITests.swift in Sources */,
			);
			runOnlyForDeploymentPostprocessing = 0;
		};
/* End PBXSourcesBuildPhase section */

/* Begin PBXTargetDependency section */
		598A9DBA24ABB25800F118CC /* PBXTargetDependency */ = {
			isa = PBXTargetDependency;
			target = 598A9D9E24ABB25300F118CC /* Bethink Journal */;
			targetProxy = 598A9DB924ABB25800F118CC /* PBXContainerItemProxy */;
		};
		598A9DC524ABB25800F118CC /* PBXTargetDependency */ = {
			isa = PBXTargetDependency;
			target = 598A9D9E24ABB25300F118CC /* Bethink Journal */;
			targetProxy = 598A9DC424ABB25800F118CC /* PBXContainerItemProxy */;
		};
/* End PBXTargetDependency section */

/* Begin PBXVariantGroup section */
		598A9DB024ABB25800F118CC /* LaunchScreen.storyboard */ = {
			isa = PBXVariantGroup;
			children = (
				598A9DB124ABB25800F118CC /* Base */,
			);
			name = LaunchScreen.storyboard;
			sourceTree = "<group>";
		};
/* End PBXVariantGroup section */

/* Begin XCBuildConfiguration section */
		598A9DCA24ABB25800F118CC /* Debug */ = {
			isa = XCBuildConfiguration;
			buildSettings = {
				ALWAYS_SEARCH_USER_PATHS = NO;
				CLANG_ANALYZER_NONNULL = YES;
				CLANG_ANALYZER_NUMBER_OBJECT_CONVERSION = YES_AGGRESSIVE;
				CLANG_CXX_LANGUAGE_STANDARD = "gnu++14";
				CLANG_CXX_LIBRARY = "libc++";
				CLANG_ENABLE_MODULES = YES;
				CLANG_ENABLE_OBJC_ARC = YES;
				CLANG_ENABLE_OBJC_WEAK = YES;
				CLANG_WARN_BLOCK_CAPTURE_AUTORELEASING = YES;
				CLANG_WARN_BOOL_CONVERSION = YES;
				CLANG_WARN_COMMA = YES;
				CLANG_WARN_CONSTANT_CONVERSION = YES;
				CLANG_WARN_DEPRECATED_OBJC_IMPLEMENTATIONS = YES;
				CLANG_WARN_DIRECT_OBJC_ISA_USAGE = YES_ERROR;
				CLANG_WARN_DOCUMENTATION_COMMENTS = YES;
				CLANG_WARN_EMPTY_BODY = YES;
				CLANG_WARN_ENUM_CONVERSION = YES;
				CLANG_WARN_INFINITE_RECURSION = YES;
				CLANG_WARN_INT_CONVERSION = YES;
				CLANG_WARN_NON_LITERAL_NULL_CONVERSION = YES;
				CLANG_WARN_OBJC_IMPLICIT_RETAIN_SELF = YES;
				CLANG_WARN_OBJC_LITERAL_CONVERSION = YES;
				CLANG_WARN_OBJC_ROOT_CLASS = YES_ERROR;
				CLANG_WARN_RANGE_LOOP_ANALYSIS = YES;
				CLANG_WARN_STRICT_PROTOTYPES = YES;
				CLANG_WARN_SUSPICIOUS_MOVE = YES;
				CLANG_WARN_UNGUARDED_AVAILABILITY = YES_AGGRESSIVE;
				CLANG_WARN_UNREACHABLE_CODE = YES;
				CLANG_WARN__DUPLICATE_METHOD_MATCH = YES;
				COPY_PHASE_STRIP = NO;
				DEBUG_INFORMATION_FORMAT = dwarf;
				ENABLE_STRICT_OBJC_MSGSEND = YES;
				ENABLE_TESTABILITY = YES;
				GCC_C_LANGUAGE_STANDARD = gnu11;
				GCC_DYNAMIC_NO_PIC = NO;
				GCC_NO_COMMON_BLOCKS = YES;
				GCC_OPTIMIZATION_LEVEL = 0;
				GCC_PREPROCESSOR_DEFINITIONS = (
					"DEBUG=1",
					"$(inherited)",
				);
				GCC_WARN_64_TO_32_BIT_CONVERSION = YES;
				GCC_WARN_ABOUT_RETURN_TYPE = YES_ERROR;
				GCC_WARN_UNDECLARED_SELECTOR = YES;
				GCC_WARN_UNINITIALIZED_AUTOS = YES_AGGRESSIVE;
				GCC_WARN_UNUSED_FUNCTION = YES;
				GCC_WARN_UNUSED_VARIABLE = YES;
				IPHONEOS_DEPLOYMENT_TARGET = 13.5;
				MTL_ENABLE_DEBUG_INFO = INCLUDE_SOURCE;
				MTL_FAST_MATH = YES;
				ONLY_ACTIVE_ARCH = YES;
				SDKROOT = iphoneos;
				SWIFT_ACTIVE_COMPILATION_CONDITIONS = DEBUG;
				SWIFT_OPTIMIZATION_LEVEL = "-Onone";
			};
			name = Debug;
		};
		598A9DCB24ABB25800F118CC /* Release */ = {
			isa = XCBuildConfiguration;
			buildSettings = {
				ALWAYS_SEARCH_USER_PATHS = NO;
				CLANG_ANALYZER_NONNULL = YES;
				CLANG_ANALYZER_NUMBER_OBJECT_CONVERSION = YES_AGGRESSIVE;
				CLANG_CXX_LANGUAGE_STANDARD = "gnu++14";
				CLANG_CXX_LIBRARY = "libc++";
				CLANG_ENABLE_MODULES = YES;
				CLANG_ENABLE_OBJC_ARC = YES;
				CLANG_ENABLE_OBJC_WEAK = YES;
				CLANG_WARN_BLOCK_CAPTURE_AUTORELEASING = YES;
				CLANG_WARN_BOOL_CONVERSION = YES;
				CLANG_WARN_COMMA = YES;
				CLANG_WARN_CONSTANT_CONVERSION = YES;
				CLANG_WARN_DEPRECATED_OBJC_IMPLEMENTATIONS = YES;
				CLANG_WARN_DIRECT_OBJC_ISA_USAGE = YES_ERROR;
				CLANG_WARN_DOCUMENTATION_COMMENTS = YES;
				CLANG_WARN_EMPTY_BODY = YES;
				CLANG_WARN_ENUM_CONVERSION = YES;
				CLANG_WARN_INFINITE_RECURSION = YES;
				CLANG_WARN_INT_CONVERSION = YES;
				CLANG_WARN_NON_LITERAL_NULL_CONVERSION = YES;
				CLANG_WARN_OBJC_IMPLICIT_RETAIN_SELF = YES;
				CLANG_WARN_OBJC_LITERAL_CONVERSION = YES;
				CLANG_WARN_OBJC_ROOT_CLASS = YES_ERROR;
				CLANG_WARN_RANGE_LOOP_ANALYSIS = YES;
				CLANG_WARN_STRICT_PROTOTYPES = YES;
				CLANG_WARN_SUSPICIOUS_MOVE = YES;
				CLANG_WARN_UNGUARDED_AVAILABILITY = YES_AGGRESSIVE;
				CLANG_WARN_UNREACHABLE_CODE = YES;
				CLANG_WARN__DUPLICATE_METHOD_MATCH = YES;
				COPY_PHASE_STRIP = NO;
				DEBUG_INFORMATION_FORMAT = "dwarf-with-dsym";
				ENABLE_NS_ASSERTIONS = NO;
				ENABLE_STRICT_OBJC_MSGSEND = YES;
				GCC_C_LANGUAGE_STANDARD = gnu11;
				GCC_NO_COMMON_BLOCKS = YES;
				GCC_WARN_64_TO_32_BIT_CONVERSION = YES;
				GCC_WARN_ABOUT_RETURN_TYPE = YES_ERROR;
				GCC_WARN_UNDECLARED_SELECTOR = YES;
				GCC_WARN_UNINITIALIZED_AUTOS = YES_AGGRESSIVE;
				GCC_WARN_UNUSED_FUNCTION = YES;
				GCC_WARN_UNUSED_VARIABLE = YES;
				IPHONEOS_DEPLOYMENT_TARGET = 13.5;
				MTL_ENABLE_DEBUG_INFO = NO;
				MTL_FAST_MATH = YES;
				SDKROOT = iphoneos;
				SWIFT_COMPILATION_MODE = wholemodule;
				SWIFT_OPTIMIZATION_LEVEL = "-O";
				VALIDATE_PRODUCT = YES;
			};
			name = Release;
		};
		598A9DCD24ABB25800F118CC /* Debug */ = {
			isa = XCBuildConfiguration;
			baseConfigurationReference = 8435786FD57F974042A90D9C /* Pods-Bethink Journal.debug.xcconfig */;
			buildSettings = {
				ASSETCATALOG_COMPILER_APPICON_NAME = AppIcon;
				CODE_SIGN_STYLE = Automatic;
				DEVELOPMENT_ASSET_PATHS = "\"Bethink Journal/Preview Content\"";
				DEVELOPMENT_TEAM = J6YW9L6CXK;
				ENABLE_PREVIEWS = YES;
				INFOPLIST_FILE = "Bethink Journal/Info.plist";
				LD_RUNPATH_SEARCH_PATHS = (
					"$(inherited)",
					"@executable_path/Frameworks",
				);
				PRODUCT_BUNDLE_IDENTIFIER = "com.Terror.Bethink-Journal";
				PRODUCT_NAME = "$(TARGET_NAME)";
				SWIFT_VERSION = 5.0;
				TARGETED_DEVICE_FAMILY = "1,2";
			};
			name = Debug;
		};
		598A9DCE24ABB25800F118CC /* Release */ = {
			isa = XCBuildConfiguration;
			baseConfigurationReference = 9755D69D63AC6A64F514E5B1 /* Pods-Bethink Journal.release.xcconfig */;
			buildSettings = {
				ASSETCATALOG_COMPILER_APPICON_NAME = AppIcon;
				CODE_SIGN_STYLE = Automatic;
				DEVELOPMENT_ASSET_PATHS = "\"Bethink Journal/Preview Content\"";
				DEVELOPMENT_TEAM = J6YW9L6CXK;
				ENABLE_PREVIEWS = YES;
				INFOPLIST_FILE = "Bethink Journal/Info.plist";
				LD_RUNPATH_SEARCH_PATHS = (
					"$(inherited)",
					"@executable_path/Frameworks",
				);
				PRODUCT_BUNDLE_IDENTIFIER = "com.Terror.Bethink-Journal";
				PRODUCT_NAME = "$(TARGET_NAME)";
				SWIFT_VERSION = 5.0;
				TARGETED_DEVICE_FAMILY = "1,2";
			};
			name = Release;
		};
		598A9DD024ABB25800F118CC /* Debug */ = {
			isa = XCBuildConfiguration;
			baseConfigurationReference = AFF12BF744F0069BD8DD99ED /* Pods-Bethink JournalTests.debug.xcconfig */;
			buildSettings = {
				ALWAYS_EMBED_SWIFT_STANDARD_LIBRARIES = YES;
				BUNDLE_LOADER = "$(TEST_HOST)";
				CODE_SIGN_STYLE = Automatic;
				DEVELOPMENT_TEAM = J6YW9L6CXK;
				INFOPLIST_FILE = "Bethink JournalTests/Info.plist";
				IPHONEOS_DEPLOYMENT_TARGET = 13.5;
				LD_RUNPATH_SEARCH_PATHS = (
					"$(inherited)",
					"@executable_path/Frameworks",
					"@loader_path/Frameworks",
				);
				PRODUCT_BUNDLE_IDENTIFIER = "com.Terror.Bethink-JournalTests";
				PRODUCT_NAME = "$(TARGET_NAME)";
				SWIFT_VERSION = 5.0;
				TARGETED_DEVICE_FAMILY = "1,2";
				TEST_HOST = "$(BUILT_PRODUCTS_DIR)/Bethink Journal.app/Bethink Journal";
			};
			name = Debug;
		};
		598A9DD124ABB25800F118CC /* Release */ = {
			isa = XCBuildConfiguration;
			baseConfigurationReference = C00B1B5BF6EE22CF91386DAD /* Pods-Bethink JournalTests.release.xcconfig */;
			buildSettings = {
				ALWAYS_EMBED_SWIFT_STANDARD_LIBRARIES = YES;
				BUNDLE_LOADER = "$(TEST_HOST)";
				CODE_SIGN_STYLE = Automatic;
				DEVELOPMENT_TEAM = J6YW9L6CXK;
				INFOPLIST_FILE = "Bethink JournalTests/Info.plist";
				IPHONEOS_DEPLOYMENT_TARGET = 13.5;
				LD_RUNPATH_SEARCH_PATHS = (
					"$(inherited)",
					"@executable_path/Frameworks",
					"@loader_path/Frameworks",
				);
				PRODUCT_BUNDLE_IDENTIFIER = "com.Terror.Bethink-JournalTests";
				PRODUCT_NAME = "$(TARGET_NAME)";
				SWIFT_VERSION = 5.0;
				TARGETED_DEVICE_FAMILY = "1,2";
				TEST_HOST = "$(BUILT_PRODUCTS_DIR)/Bethink Journal.app/Bethink Journal";
			};
			name = Release;
		};
		598A9DD324ABB25800F118CC /* Debug */ = {
			isa = XCBuildConfiguration;
			baseConfigurationReference = 61AD89852EC7BAEA6A15931D /* Pods-Bethink Journal-Bethink JournalUITests.debug.xcconfig */;
			buildSettings = {
				ALWAYS_EMBED_SWIFT_STANDARD_LIBRARIES = YES;
				CODE_SIGN_STYLE = Automatic;
				DEVELOPMENT_TEAM = J6YW9L6CXK;
				INFOPLIST_FILE = "Bethink JournalUITests/Info.plist";
				LD_RUNPATH_SEARCH_PATHS = (
					"$(inherited)",
					"@executable_path/Frameworks",
					"@loader_path/Frameworks",
				);
				PRODUCT_BUNDLE_IDENTIFIER = "com.Terror.Bethink-JournalUITests";
				PRODUCT_NAME = "$(TARGET_NAME)";
				SWIFT_VERSION = 5.0;
				TARGETED_DEVICE_FAMILY = "1,2";
				TEST_TARGET_NAME = "Bethink Journal";
			};
			name = Debug;
		};
		598A9DD424ABB25800F118CC /* Release */ = {
			isa = XCBuildConfiguration;
			baseConfigurationReference = A257DB2118D721CF7D252DAB /* Pods-Bethink Journal-Bethink JournalUITests.release.xcconfig */;
			buildSettings = {
				ALWAYS_EMBED_SWIFT_STANDARD_LIBRARIES = YES;
				CODE_SIGN_STYLE = Automatic;
				DEVELOPMENT_TEAM = J6YW9L6CXK;
				INFOPLIST_FILE = "Bethink JournalUITests/Info.plist";
				LD_RUNPATH_SEARCH_PATHS = (
					"$(inherited)",
					"@executable_path/Frameworks",
					"@loader_path/Frameworks",
				);
				PRODUCT_BUNDLE_IDENTIFIER = "com.Terror.Bethink-JournalUITests";
				PRODUCT_NAME = "$(TARGET_NAME)";
				SWIFT_VERSION = 5.0;
				TARGETED_DEVICE_FAMILY = "1,2";
				TEST_TARGET_NAME = "Bethink Journal";
			};
			name = Release;
		};
/* End XCBuildConfiguration section */

/* Begin XCConfigurationList section */
		598A9D9A24ABB25300F118CC /* Build configuration list for PBXProject "Bethink Journal" */ = {
			isa = XCConfigurationList;
			buildConfigurations = (
				598A9DCA24ABB25800F118CC /* Debug */,
				598A9DCB24ABB25800F118CC /* Release */,
			);
			defaultConfigurationIsVisible = 0;
			defaultConfigurationName = Release;
		};
		598A9DCC24ABB25800F118CC /* Build configuration list for PBXNativeTarget "Bethink Journal" */ = {
			isa = XCConfigurationList;
			buildConfigurations = (
				598A9DCD24ABB25800F118CC /* Debug */,
				598A9DCE24ABB25800F118CC /* Release */,
			);
			defaultConfigurationIsVisible = 0;
			defaultConfigurationName = Release;
		};
		598A9DCF24ABB25800F118CC /* Build configuration list for PBXNativeTarget "Bethink JournalTests" */ = {
			isa = XCConfigurationList;
			buildConfigurations = (
				598A9DD024ABB25800F118CC /* Debug */,
				598A9DD124ABB25800F118CC /* Release */,
			);
			defaultConfigurationIsVisible = 0;
			defaultConfigurationName = Release;
		};
		598A9DD224ABB25800F118CC /* Build configuration list for PBXNativeTarget "Bethink JournalUITests" */ = {
			isa = XCConfigurationList;
			buildConfigurations = (
				598A9DD324ABB25800F118CC /* Debug */,
				598A9DD424ABB25800F118CC /* Release */,
			);
			defaultConfigurationIsVisible = 0;
			defaultConfigurationName = Release;
		};
/* End XCConfigurationList section */

/* Begin XCVersionGroup section */
		598A9DA624ABB25300F118CC /* Bethink_Journal.xcdatamodeld */ = {
			isa = XCVersionGroup;
			children = (
				598A9DA724ABB25300F118CC /* Bethink_Journal.xcdatamodel */,
			);
			currentVersion = 598A9DA724ABB25300F118CC /* Bethink_Journal.xcdatamodel */;
			path = Bethink_Journal.xcdatamodeld;
			sourceTree = "<group>";
			versionGroupType = wrapper.xcdatamodel;
		};
/* End XCVersionGroup section */
	};
	rootObject = 598A9D9724ABB25300F118CC /* Project object */;
}
